// !$*UTF8*$!
{
	archiveVersion = 1;
	classes = {
	};
	objectVersion = 50;
	objects = {

/* Begin PBXBuildFile section */
		4EBABF5425C83C75002C2522 /* AppDelegate.swift in Sources */ = {isa = PBXBuildFile; fileRef = 4EBABF5325C83C75002C2522 /* AppDelegate.swift */; };
		4EBABF5625C83C75002C2522 /* SceneDelegate.swift in Sources */ = {isa = PBXBuildFile; fileRef = 4EBABF5525C83C75002C2522 /* SceneDelegate.swift */; };
		4EBABF5825C83C75002C2522 /* ViewController.swift in Sources */ = {isa = PBXBuildFile; fileRef = 4EBABF5725C83C75002C2522 /* ViewController.swift */; };
		4EBABF5B25C83C75002C2522 /* Main.storyboard in Resources */ = {isa = PBXBuildFile; fileRef = 4EBABF5925C83C75002C2522 /* Main.storyboard */; };
		4EBABF5D25C83C79002C2522 /* Assets.xcassets in Resources */ = {isa = PBXBuildFile; fileRef = 4EBABF5C25C83C79002C2522 /* Assets.xcassets */; };
		4EBABF6025C83C79002C2522 /* LaunchScreen.storyboard in Resources */ = {isa = PBXBuildFile; fileRef = 4EBABF5E25C83C79002C2522 /* LaunchScreen.storyboard */; };
		4EBABF6B25C83C7A002C2522 /* TestStudyTests.swift in Sources */ = {isa = PBXBuildFile; fileRef = 4EBABF6A25C83C7A002C2522 /* TestStudyTests.swift */; };
		4EBABF7625C83C7A002C2522 /* TestStudyUITests.swift in Sources */ = {isa = PBXBuildFile; fileRef = 4EBABF7525C83C7A002C2522 /* TestStudyUITests.swift */; };
		4EBABF8725C83CE7002C2522 /* Restaurant.swift in Sources */ = {isa = PBXBuildFile; fileRef = 4EBABF8625C83CE7002C2522 /* Restaurant.swift */; };
		4EBABF8C25C83DEA002C2522 /* EmployeeDummy.swift in Sources */ = {isa = PBXBuildFile; fileRef = 4EBABF8B25C83DEA002C2522 /* EmployeeDummy.swift */; };
		4EBABF9925C83E59002C2522 /* CookStub.swift in Sources */ = {isa = PBXBuildFile; fileRef = 4EBABF9825C83E59002C2522 /* CookStub.swift */; };
		4EBABF9E25C83E6A002C2522 /* CookSpy.swift in Sources */ = {isa = PBXBuildFile; fileRef = 4EBABF9D25C83E6A002C2522 /* CookSpy.swift */; };
		4EBABFA325C83E77002C2522 /* CookMock.swift in Sources */ = {isa = PBXBuildFile; fileRef = 4EBABFA225C83E77002C2522 /* CookMock.swift */; };
		4EBABFA825C83EFF002C2522 /* Hamburger.swift in Sources */ = {isa = PBXBuildFile; fileRef = 4EBABFA725C83EFF002C2522 /* Hamburger.swift */; };
		4EBABFAD25C83F07002C2522 /* Chicken.swift in Sources */ = {isa = PBXBuildFile; fileRef = 4EBABFAC25C83F07002C2522 /* Chicken.swift */; };
		4EBABFB225C83F0D002C2522 /* Soup.swift in Sources */ = {isa = PBXBuildFile; fileRef = 4EBABFB125C83F0D002C2522 /* Soup.swift */; };
		4EBABFD825C85348002C2522 /* RestaurantTests.swift in Sources */ = {isa = PBXBuildFile; fileRef = 4EBABFD725C85348002C2522 /* RestaurantTests.swift */; };
		8F9D35EE25D0D09C00A292C1 /* RecordFake.swift in Sources */ = {isa = PBXBuildFile; fileRef = 8F9D35ED25D0D09C00A292C1 /* RecordFake.swift */; };
		8F9D35F225D0D45600A292C1 /* Cook.swift in Sources */ = {isa = PBXBuildFile; fileRef = 8F9D35F125D0D45600A292C1 /* Cook.swift */; };
		8F9D35F425D0D47D00A292C1 /* Employee.swift in Sources */ = {isa = PBXBuildFile; fileRef = 8F9D35F325D0D47D00A292C1 /* Employee.swift */; };
		8F9D35F625D0D49D00A292C1 /* Record.swift in Sources */ = {isa = PBXBuildFile; fileRef = 8F9D35F525D0D49D00A292C1 /* Record.swift */; };
/* End PBXBuildFile section */

/* Begin PBXContainerItemProxy section */
		4EBABF6725C83C7A002C2522 /* PBXContainerItemProxy */ = {
			isa = PBXContainerItemProxy;
			containerPortal = 4EBABF4825C83C75002C2522 /* Project object */;
			proxyType = 1;
			remoteGlobalIDString = 4EBABF4F25C83C75002C2522;
			remoteInfo = TestStudy;
		};
		4EBABF7225C83C7A002C2522 /* PBXContainerItemProxy */ = {
			isa = PBXContainerItemProxy;
			containerPortal = 4EBABF4825C83C75002C2522 /* Project object */;
			proxyType = 1;
			remoteGlobalIDString = 4EBABF4F25C83C75002C2522;
			remoteInfo = TestStudy;
		};
/* End PBXContainerItemProxy section */

/* Begin PBXFileReference section */
		4EBABF5025C83C75002C2522 /* TestStudy.app */ = {isa = PBXFileReference; explicitFileType = wrapper.application; includeInIndex = 0; path = TestStudy.app; sourceTree = BUILT_PRODUCTS_DIR; };
		4EBABF5325C83C75002C2522 /* AppDelegate.swift */ = {isa = PBXFileReference; lastKnownFileType = sourcecode.swift; path = AppDelegate.swift; sourceTree = "<group>"; };
		4EBABF5525C83C75002C2522 /* SceneDelegate.swift */ = {isa = PBXFileReference; lastKnownFileType = sourcecode.swift; path = SceneDelegate.swift; sourceTree = "<group>"; };
		4EBABF5725C83C75002C2522 /* ViewController.swift */ = {isa = PBXFileReference; lastKnownFileType = sourcecode.swift; path = ViewController.swift; sourceTree = "<group>"; };
		4EBABF5A25C83C75002C2522 /* Base */ = {isa = PBXFileReference; lastKnownFileType = file.storyboard; name = Base; path = Base.lproj/Main.storyboard; sourceTree = "<group>"; };
		4EBABF5C25C83C79002C2522 /* Assets.xcassets */ = {isa = PBXFileReference; lastKnownFileType = folder.assetcatalog; path = Assets.xcassets; sourceTree = "<group>"; };
		4EBABF5F25C83C79002C2522 /* Base */ = {isa = PBXFileReference; lastKnownFileType = file.storyboard; name = Base; path = Base.lproj/LaunchScreen.storyboard; sourceTree = "<group>"; };
		4EBABF6125C83C79002C2522 /* Info.plist */ = {isa = PBXFileReference; lastKnownFileType = text.plist.xml; path = Info.plist; sourceTree = "<group>"; };
		4EBABF6625C83C7A002C2522 /* TestStudyTests.xctest */ = {isa = PBXFileReference; explicitFileType = wrapper.cfbundle; includeInIndex = 0; path = TestStudyTests.xctest; sourceTree = BUILT_PRODUCTS_DIR; };
		4EBABF6A25C83C7A002C2522 /* TestStudyTests.swift */ = {isa = PBXFileReference; lastKnownFileType = sourcecode.swift; path = TestStudyTests.swift; sourceTree = "<group>"; };
		4EBABF6C25C83C7A002C2522 /* Info.plist */ = {isa = PBXFileReference; lastKnownFileType = text.plist.xml; path = Info.plist; sourceTree = "<group>"; };
		4EBABF7125C83C7A002C2522 /* TestStudyUITests.xctest */ = {isa = PBXFileReference; explicitFileType = wrapper.cfbundle; includeInIndex = 0; path = TestStudyUITests.xctest; sourceTree = BUILT_PRODUCTS_DIR; };
		4EBABF7525C83C7A002C2522 /* TestStudyUITests.swift */ = {isa = PBXFileReference; lastKnownFileType = sourcecode.swift; path = TestStudyUITests.swift; sourceTree = "<group>"; };
		4EBABF7725C83C7A002C2522 /* Info.plist */ = {isa = PBXFileReference; lastKnownFileType = text.plist.xml; path = Info.plist; sourceTree = "<group>"; };
		4EBABF8625C83CE7002C2522 /* Restaurant.swift */ = {isa = PBXFileReference; lastKnownFileType = sourcecode.swift; path = Restaurant.swift; sourceTree = "<group>"; };
		4EBABF8B25C83DEA002C2522 /* EmployeeDummy.swift */ = {isa = PBXFileReference; lastKnownFileType = sourcecode.swift; path = EmployeeDummy.swift; sourceTree = "<group>"; };
		4EBABF9825C83E59002C2522 /* CookStub.swift */ = {isa = PBXFileReference; lastKnownFileType = sourcecode.swift; path = CookStub.swift; sourceTree = "<group>"; };
		4EBABF9D25C83E6A002C2522 /* CookSpy.swift */ = {isa = PBXFileReference; lastKnownFileType = sourcecode.swift; path = CookSpy.swift; sourceTree = "<group>"; };
		4EBABFA225C83E77002C2522 /* CookMock.swift */ = {isa = PBXFileReference; lastKnownFileType = sourcecode.swift; path = CookMock.swift; sourceTree = "<group>"; };
		4EBABFA725C83EFF002C2522 /* Hamburger.swift */ = {isa = PBXFileReference; lastKnownFileType = sourcecode.swift; path = Hamburger.swift; sourceTree = "<group>"; };
		4EBABFAC25C83F07002C2522 /* Chicken.swift */ = {isa = PBXFileReference; lastKnownFileType = sourcecode.swift; path = Chicken.swift; sourceTree = "<group>"; };
		4EBABFB125C83F0D002C2522 /* Soup.swift */ = {isa = PBXFileReference; lastKnownFileType = sourcecode.swift; path = Soup.swift; sourceTree = "<group>"; };
		4EBABFD725C85348002C2522 /* RestaurantTests.swift */ = {isa = PBXFileReference; lastKnownFileType = sourcecode.swift; path = RestaurantTests.swift; sourceTree = "<group>"; };
		8F9D35ED25D0D09C00A292C1 /* RecordFake.swift */ = {isa = PBXFileReference; lastKnownFileType = sourcecode.swift; path = RecordFake.swift; sourceTree = "<group>"; };
		8F9D35F125D0D45600A292C1 /* Cook.swift */ = {isa = PBXFileReference; lastKnownFileType = sourcecode.swift; path = Cook.swift; sourceTree = "<group>"; };
		8F9D35F325D0D47D00A292C1 /* Employee.swift */ = {isa = PBXFileReference; lastKnownFileType = sourcecode.swift; path = Employee.swift; sourceTree = "<group>"; };
		8F9D35F525D0D49D00A292C1 /* Record.swift */ = {isa = PBXFileReference; lastKnownFileType = sourcecode.swift; path = Record.swift; sourceTree = "<group>"; };
/* End PBXFileReference section */

/* Begin PBXFrameworksBuildPhase section */
		4EBABF4D25C83C75002C2522 /* Frameworks */ = {
			isa = PBXFrameworksBuildPhase;
			buildActionMask = 2147483647;
			files = (
			);
			runOnlyForDeploymentPostprocessing = 0;
		};
		4EBABF6325C83C7A002C2522 /* Frameworks */ = {
			isa = PBXFrameworksBuildPhase;
			buildActionMask = 2147483647;
			files = (
			);
			runOnlyForDeploymentPostprocessing = 0;
		};
		4EBABF6E25C83C7A002C2522 /* Frameworks */ = {
			isa = PBXFrameworksBuildPhase;
			buildActionMask = 2147483647;
			files = (
			);
			runOnlyForDeploymentPostprocessing = 0;
		};
/* End PBXFrameworksBuildPhase section */

/* Begin PBXGroup section */
		4EBABF4725C83C75002C2522 = {
			isa = PBXGroup;
			children = (
				4EBABF5225C83C75002C2522 /* TestStudy */,
				4EBABF6925C83C7A002C2522 /* TestStudyTests */,
				4EBABF7425C83C7A002C2522 /* TestStudyUITests */,
				4EBABF5125C83C75002C2522 /* Products */,
			);
			sourceTree = "<group>";
		};
		4EBABF5125C83C75002C2522 /* Products */ = {
			isa = PBXGroup;
			children = (
				4EBABF5025C83C75002C2522 /* TestStudy.app */,
				4EBABF6625C83C7A002C2522 /* TestStudyTests.xctest */,
				4EBABF7125C83C7A002C2522 /* TestStudyUITests.xctest */,
			);
			name = Products;
			sourceTree = "<group>";
		};
		4EBABF5225C83C75002C2522 /* TestStudy */ = {
			isa = PBXGroup;
			children = (
				8F9D35EF25D0D43900A292C1 /* Models */,
				4EBABF5325C83C75002C2522 /* AppDelegate.swift */,
				4EBABF5525C83C75002C2522 /* SceneDelegate.swift */,
				4EBABF5725C83C75002C2522 /* ViewController.swift */,
				4EBABF5925C83C75002C2522 /* Main.storyboard */,
				4EBABF5C25C83C79002C2522 /* Assets.xcassets */,
				4EBABF5E25C83C79002C2522 /* LaunchScreen.storyboard */,
				4EBABF6125C83C79002C2522 /* Info.plist */,
				4EBABF8625C83CE7002C2522 /* Restaurant.swift */,
				8F9D35F125D0D45600A292C1 /* Cook.swift */,
				8F9D35F325D0D47D00A292C1 /* Employee.swift */,
				8F9D35F525D0D49D00A292C1 /* Record.swift */,
			);
			path = TestStudy;
			sourceTree = "<group>";
		};
		4EBABF6925C83C7A002C2522 /* TestStudyTests */ = {
			isa = PBXGroup;
			children = (
				4EBABF6A25C83C7A002C2522 /* TestStudyTests.swift */,
				4EBABF6C25C83C7A002C2522 /* Info.plist */,
				4EBABF8B25C83DEA002C2522 /* EmployeeDummy.swift */,
				8F9D35ED25D0D09C00A292C1 /* RecordFake.swift */,
				4EBABF9825C83E59002C2522 /* CookStub.swift */,
				4EBABF9D25C83E6A002C2522 /* CookSpy.swift */,
				4EBABFA225C83E77002C2522 /* CookMock.swift */,
				4EBABFD725C85348002C2522 /* RestaurantTests.swift */,
			);
			path = TestStudyTests;
			sourceTree = "<group>";
		};
		4EBABF7425C83C7A002C2522 /* TestStudyUITests */ = {
			isa = PBXGroup;
			children = (
				4EBABF7525C83C7A002C2522 /* TestStudyUITests.swift */,
				4EBABF7725C83C7A002C2522 /* Info.plist */,
			);
			path = TestStudyUITests;
			sourceTree = "<group>";
		};
		8F9D35EF25D0D43900A292C1 /* Models */ = {
			isa = PBXGroup;
			children = (
				4EBABFA725C83EFF002C2522 /* Hamburger.swift */,
				4EBABFAC25C83F07002C2522 /* Chicken.swift */,
				4EBABFB125C83F0D002C2522 /* Soup.swift */,
			);
			path = Models;
			sourceTree = "<group>";
		};
/* End PBXGroup section */

/* Begin PBXNativeTarget section */
		4EBABF4F25C83C75002C2522 /* TestStudy */ = {
			isa = PBXNativeTarget;
			buildConfigurationList = 4EBABF7A25C83C7A002C2522 /* Build configuration list for PBXNativeTarget "TestStudy" */;
			buildPhases = (
				4EBABF4C25C83C75002C2522 /* Sources */,
				4EBABF4D25C83C75002C2522 /* Frameworks */,
				4EBABF4E25C83C75002C2522 /* Resources */,
			);
			buildRules = (
			);
			dependencies = (
			);
			name = TestStudy;
			productName = TestStudy;
			productReference = 4EBABF5025C83C75002C2522 /* TestStudy.app */;
			productType = "com.apple.product-type.application";
		};
		4EBABF6525C83C7A002C2522 /* TestStudyTests */ = {
			isa = PBXNativeTarget;
			buildConfigurationList = 4EBABF7D25C83C7A002C2522 /* Build configuration list for PBXNativeTarget "TestStudyTests" */;
			buildPhases = (
				4EBABF6225C83C7A002C2522 /* Sources */,
				4EBABF6325C83C7A002C2522 /* Frameworks */,
				4EBABF6425C83C7A002C2522 /* Resources */,
			);
			buildRules = (
			);
			dependencies = (
				4EBABF6825C83C7A002C2522 /* PBXTargetDependency */,
			);
			name = TestStudyTests;
			productName = TestStudyTests;
			productReference = 4EBABF6625C83C7A002C2522 /* TestStudyTests.xctest */;
			productType = "com.apple.product-type.bundle.unit-test";
		};
		4EBABF7025C83C7A002C2522 /* TestStudyUITests */ = {
			isa = PBXNativeTarget;
			buildConfigurationList = 4EBABF8025C83C7A002C2522 /* Build configuration list for PBXNativeTarget "TestStudyUITests" */;
			buildPhases = (
				4EBABF6D25C83C7A002C2522 /* Sources */,
				4EBABF6E25C83C7A002C2522 /* Frameworks */,
				4EBABF6F25C83C7A002C2522 /* Resources */,
			);
			buildRules = (
			);
			dependencies = (
				4EBABF7325C83C7A002C2522 /* PBXTargetDependency */,
			);
			name = TestStudyUITests;
			productName = TestStudyUITests;
			productReference = 4EBABF7125C83C7A002C2522 /* TestStudyUITests.xctest */;
			productType = "com.apple.product-type.bundle.ui-testing";
		};
/* End PBXNativeTarget section */

/* Begin PBXProject section */
		4EBABF4825C83C75002C2522 /* Project object */ = {
			isa = PBXProject;
			attributes = {
				LastSwiftUpdateCheck = 1240;
				LastUpgradeCheck = 1240;
				TargetAttributes = {
					4EBABF4F25C83C75002C2522 = {
						CreatedOnToolsVersion = 12.4;
					};
					4EBABF6525C83C7A002C2522 = {
						CreatedOnToolsVersion = 12.4;
						TestTargetID = 4EBABF4F25C83C75002C2522;
					};
					4EBABF7025C83C7A002C2522 = {
						CreatedOnToolsVersion = 12.4;
						TestTargetID = 4EBABF4F25C83C75002C2522;
					};
				};
			};
			buildConfigurationList = 4EBABF4B25C83C75002C2522 /* Build configuration list for PBXProject "TestStudy" */;
			compatibilityVersion = "Xcode 9.3";
			developmentRegion = en;
			hasScannedForEncodings = 0;
			knownRegions = (
				en,
				Base,
			);
			mainGroup = 4EBABF4725C83C75002C2522;
			productRefGroup = 4EBABF5125C83C75002C2522 /* Products */;
			projectDirPath = "";
			projectRoot = "";
			targets = (
				4EBABF4F25C83C75002C2522 /* TestStudy */,
				4EBABF6525C83C7A002C2522 /* TestStudyTests */,
				4EBABF7025C83C7A002C2522 /* TestStudyUITests */,
			);
		};
/* End PBXProject section */

/* Begin PBXResourcesBuildPhase section */
		4EBABF4E25C83C75002C2522 /* Resources */ = {
			isa = PBXResourcesBuildPhase;
			buildActionMask = 2147483647;
			files = (
				4EBABF6025C83C79002C2522 /* LaunchScreen.storyboard in Resources */,
				4EBABF5D25C83C79002C2522 /* Assets.xcassets in Resources */,
				4EBABF5B25C83C75002C2522 /* Main.storyboard in Resources */,
			);
			runOnlyForDeploymentPostprocessing = 0;
		};
		4EBABF6425C83C7A002C2522 /* Resources */ = {
			isa = PBXResourcesBuildPhase;
			buildActionMask = 2147483647;
			files = (
			);
			runOnlyForDeploymentPostprocessing = 0;
		};
		4EBABF6F25C83C7A002C2522 /* Resources */ = {
			isa = PBXResourcesBuildPhase;
			buildActionMask = 2147483647;
			files = (
			);
			runOnlyForDeploymentPostprocessing = 0;
		};
/* End PBXResourcesBuildPhase section */

/* Begin PBXSourcesBuildPhase section */
		4EBABF4C25C83C75002C2522 /* Sources */ = {
			isa = PBXSourcesBuildPhase;
			buildActionMask = 2147483647;
			files = (
				4EBABF5825C83C75002C2522 /* ViewController.swift in Sources */,
				8F9D35F425D0D47D00A292C1 /* Employee.swift in Sources */,
				8F9D35F625D0D49D00A292C1 /* Record.swift in Sources */,
				8F9D35F225D0D45600A292C1 /* Cook.swift in Sources */,
				4EBABF8725C83CE7002C2522 /* Restaurant.swift in Sources */,
				4EBABF5425C83C75002C2522 /* AppDelegate.swift in Sources */,
				4EBABF5625C83C75002C2522 /* SceneDelegate.swift in Sources */,
				4EBABFA825C83EFF002C2522 /* Hamburger.swift in Sources */,
				4EBABFAD25C83F07002C2522 /* Chicken.swift in Sources */,
				4EBABFB225C83F0D002C2522 /* Soup.swift in Sources */,
			);
			runOnlyForDeploymentPostprocessing = 0;
		};
		4EBABF6225C83C7A002C2522 /* Sources */ = {
			isa = PBXSourcesBuildPhase;
			buildActionMask = 2147483647;
			files = (
				4EBABF9E25C83E6A002C2522 /* CookSpy.swift in Sources */,
				8F9D35EE25D0D09C00A292C1 /* RecordFake.swift in Sources */,
				4EBABF8C25C83DEA002C2522 /* EmployeeDummy.swift in Sources */,
				4EBABF6B25C83C7A002C2522 /* TestStudyTests.swift in Sources */,
				4EBABF9925C83E59002C2522 /* CookStub.swift in Sources */,
				4EBABFD825C85348002C2522 /* RestaurantTests.swift in Sources */,
				4EBABFA325C83E77002C2522 /* CookMock.swift in Sources */,
			);
			runOnlyForDeploymentPostprocessing = 0;
		};
		4EBABF6D25C83C7A002C2522 /* Sources */ = {
			isa = PBXSourcesBuildPhase;
			buildActionMask = 2147483647;
			files = (
				4EBABF7625C83C7A002C2522 /* TestStudyUITests.swift in Sources */,
			);
			runOnlyForDeploymentPostprocessing = 0;
		};
/* End PBXSourcesBuildPhase section */

/* Begin PBXTargetDependency section */
		4EBABF6825C83C7A002C2522 /* PBXTargetDependency */ = {
			isa = PBXTargetDependency;
			target = 4EBABF4F25C83C75002C2522 /* TestStudy */;
			targetProxy = 4EBABF6725C83C7A002C2522 /* PBXContainerItemProxy */;
		};
		4EBABF7325C83C7A002C2522 /* PBXTargetDependency */ = {
			isa = PBXTargetDependency;
			target = 4EBABF4F25C83C75002C2522 /* TestStudy */;
			targetProxy = 4EBABF7225C83C7A002C2522 /* PBXContainerItemProxy */;
		};
/* End PBXTargetDependency section */

/* Begin PBXVariantGroup section */
		4EBABF5925C83C75002C2522 /* Main.storyboard */ = {
			isa = PBXVariantGroup;
			children = (
				4EBABF5A25C83C75002C2522 /* Base */,
			);
			name = Main.storyboard;
			sourceTree = "<group>";
		};
		4EBABF5E25C83C79002C2522 /* LaunchScreen.storyboard */ = {
			isa = PBXVariantGroup;
			children = (
				4EBABF5F25C83C79002C2522 /* Base */,
			);
			name = LaunchScreen.storyboard;
			sourceTree = "<group>";
		};
/* End PBXVariantGroup section */

/* Begin XCBuildConfiguration section */
		4EBABF7825C83C7A002C2522 /* Debug */ = {
			isa = XCBuildConfiguration;
			buildSettings = {
				ALWAYS_SEARCH_USER_PATHS = NO;
				CLANG_ANALYZER_NONNULL = YES;
				CLANG_ANALYZER_NUMBER_OBJECT_CONVERSION = YES_AGGRESSIVE;
				CLANG_CXX_LANGUAGE_STANDARD = "gnu++14";
				CLANG_CXX_LIBRARY = "libc++";
				CLANG_ENABLE_MODULES = YES;
				CLANG_ENABLE_OBJC_ARC = YES;
				CLANG_ENABLE_OBJC_WEAK = YES;
				CLANG_WARN_BLOCK_CAPTURE_AUTORELEASING = YES;
				CLANG_WARN_BOOL_CONVERSION = YES;
				CLANG_WARN_COMMA = YES;
				CLANG_WARN_CONSTANT_CONVERSION = YES;
				CLANG_WARN_DEPRECATED_OBJC_IMPLEMENTATIONS = YES;
				CLANG_WARN_DIRECT_OBJC_ISA_USAGE = YES_ERROR;
				CLANG_WARN_DOCUMENTATION_COMMENTS = YES;
				CLANG_WARN_EMPTY_BODY = YES;
				CLANG_WARN_ENUM_CONVERSION = YES;
				CLANG_WARN_INFINITE_RECURSION = YES;
				CLANG_WARN_INT_CONVERSION = YES;
				CLANG_WARN_NON_LITERAL_NULL_CONVERSION = YES;
				CLANG_WARN_OBJC_IMPLICIT_RETAIN_SELF = YES;
				CLANG_WARN_OBJC_LITERAL_CONVERSION = YES;
				CLANG_WARN_OBJC_ROOT_CLASS = YES_ERROR;
				CLANG_WARN_QUOTED_INCLUDE_IN_FRAMEWORK_HEADER = YES;
				CLANG_WARN_RANGE_LOOP_ANALYSIS = YES;
				CLANG_WARN_STRICT_PROTOTYPES = YES;
				CLANG_WARN_SUSPICIOUS_MOVE = YES;
				CLANG_WARN_UNGUARDED_AVAILABILITY = YES_AGGRESSIVE;
				CLANG_WARN_UNREACHABLE_CODE = YES;
				CLANG_WARN__DUPLICATE_METHOD_MATCH = YES;
				COPY_PHASE_STRIP = NO;
				DEBUG_INFORMATION_FORMAT = dwarf;
				ENABLE_STRICT_OBJC_MSGSEND = YES;
				ENABLE_TESTABILITY = YES;
				GCC_C_LANGUAGE_STANDARD = gnu11;
				GCC_DYNAMIC_NO_PIC = NO;
				GCC_NO_COMMON_BLOCKS = YES;
				GCC_OPTIMIZATION_LEVEL = 0;
				GCC_PREPROCESSOR_DEFINITIONS = (
					"DEBUG=1",
					"$(inherited)",
				);
				GCC_WARN_64_TO_32_BIT_CONVERSION = YES;
				GCC_WARN_ABOUT_RETURN_TYPE = YES_ERROR;
				GCC_WARN_UNDECLARED_SELECTOR = YES;
				GCC_WARN_UNINITIALIZED_AUTOS = YES_AGGRESSIVE;
				GCC_WARN_UNUSED_FUNCTION = YES;
				GCC_WARN_UNUSED_VARIABLE = YES;
				IPHONEOS_DEPLOYMENT_TARGET = 13.4;
				MTL_ENABLE_DEBUG_INFO = INCLUDE_SOURCE;
				MTL_FAST_MATH = YES;
				ONLY_ACTIVE_ARCH = YES;
				SDKROOT = iphoneos;
				SWIFT_ACTIVE_COMPILATION_CONDITIONS = DEBUG;
				SWIFT_OPTIMIZATION_LEVEL = "-Onone";
			};
			name = Debug;
		};
		4EBABF7925C83C7A002C2522 /* Release */ = {
			isa = XCBuildConfiguration;
			buildSettings = {
				ALWAYS_SEARCH_USER_PATHS = NO;
				CLANG_ANALYZER_NONNULL = YES;
				CLANG_ANALYZER_NUMBER_OBJECT_CONVERSION = YES_AGGRESSIVE;
				CLANG_CXX_LANGUAGE_STANDARD = "gnu++14";
				CLANG_CXX_LIBRARY = "libc++";
				CLANG_ENABLE_MODULES = YES;
				CLANG_ENABLE_OBJC_ARC = YES;
				CLANG_ENABLE_OBJC_WEAK = YES;
				CLANG_WARN_BLOCK_CAPTURE_AUTORELEASING = YES;
				CLANG_WARN_BOOL_CONVERSION = YES;
				CLANG_WARN_COMMA = YES;
				CLANG_WARN_CONSTANT_CONVERSION = YES;
				CLANG_WARN_DEPRECATED_OBJC_IMPLEMENTATIONS = YES;
				CLANG_WARN_DIRECT_OBJC_ISA_USAGE = YES_ERROR;
				CLANG_WARN_DOCUMENTATION_COMMENTS = YES;
				CLANG_WARN_EMPTY_BODY = YES;
				CLANG_WARN_ENUM_CONVERSION = YES;
				CLANG_WARN_INFINITE_RECURSION = YES;
				CLANG_WARN_INT_CONVERSION = YES;
				CLANG_WARN_NON_LITERAL_NULL_CONVERSION = YES;
				CLANG_WARN_OBJC_IMPLICIT_RETAIN_SELF = YES;
				CLANG_WARN_OBJC_LITERAL_CONVERSION = YES;
				CLANG_WARN_OBJC_ROOT_CLASS = YES_ERROR;
				CLANG_WARN_QUOTED_INCLUDE_IN_FRAMEWORK_HEADER = YES;
				CLANG_WARN_RANGE_LOOP_ANALYSIS = YES;
				CLANG_WARN_STRICT_PROTOTYPES = YES;
				CLANG_WARN_SUSPICIOUS_MOVE = YES;
				CLANG_WARN_UNGUARDED_AVAILABILITY = YES_AGGRESSIVE;
				CLANG_WARN_UNREACHABLE_CODE = YES;
				CLANG_WARN__DUPLICATE_METHOD_MATCH = YES;
				COPY_PHASE_STRIP = NO;
				DEBUG_INFORMATION_FORMAT = "dwarf-with-dsym";
				ENABLE_NS_ASSERTIONS = NO;
				ENABLE_STRICT_OBJC_MSGSEND = YES;
				GCC_C_LANGUAGE_STANDARD = gnu11;
				GCC_NO_COMMON_BLOCKS = YES;
				GCC_WARN_64_TO_32_BIT_CONVERSION = YES;
				GCC_WARN_ABOUT_RETURN_TYPE = YES_ERROR;
				GCC_WARN_UNDECLARED_SELECTOR = YES;
				GCC_WARN_UNINITIALIZED_AUTOS = YES_AGGRESSIVE;
				GCC_WARN_UNUSED_FUNCTION = YES;
				GCC_WARN_UNUSED_VARIABLE = YES;
				IPHONEOS_DEPLOYMENT_TARGET = 13.4;
				MTL_ENABLE_DEBUG_INFO = NO;
				MTL_FAST_MATH = YES;
				SDKROOT = iphoneos;
				SWIFT_COMPILATION_MODE = wholemodule;
				SWIFT_OPTIMIZATION_LEVEL = "-O";
				VALIDATE_PRODUCT = YES;
			};
			name = Release;
		};
		4EBABF7B25C83C7A002C2522 /* Debug */ = {
			isa = XCBuildConfiguration;
			buildSettings = {
				ASSETCATALOG_COMPILER_APPICON_NAME = AppIcon;
				ASSETCATALOG_COMPILER_GLOBAL_ACCENT_COLOR_NAME = AccentColor;
				CODE_SIGN_STYLE = Automatic;
				DEVELOPMENT_TEAM = 647NLFT7J5;
				INFOPLIST_FILE = TestStudy/Info.plist;
				LD_RUNPATH_SEARCH_PATHS = (
					"$(inherited)",
					"@executable_path/Frameworks",
				);
				PRODUCT_BUNDLE_IDENTIFIER = com.park.TestStudy;
				PRODUCT_NAME = "$(TARGET_NAME)";
				SWIFT_VERSION = 5.0;
				TARGETED_DEVICE_FAMILY = "1,2";
			};
			name = Debug;
		};
		4EBABF7C25C83C7A002C2522 /* Release */ = {
			isa = XCBuildConfiguration;
			buildSettings = {
				ASSETCATALOG_COMPILER_APPICON_NAME = AppIcon;
				ASSETCATALOG_COMPILER_GLOBAL_ACCENT_COLOR_NAME = AccentColor;
				CODE_SIGN_STYLE = Automatic;
				DEVELOPMENT_TEAM = 647NLFT7J5;
				INFOPLIST_FILE = TestStudy/Info.plist;
				LD_RUNPATH_SEARCH_PATHS = (
					"$(inherited)",
					"@executable_path/Frameworks",
				);
				PRODUCT_BUNDLE_IDENTIFIER = com.park.TestStudy;
				PRODUCT_NAME = "$(TARGET_NAME)";
				SWIFT_VERSION = 5.0;
				TARGETED_DEVICE_FAMILY = "1,2";
			};
			name = Release;
		};
		4EBABF7E25C83C7A002C2522 /* Debug */ = {
			isa = XCBuildConfiguration;
			buildSettings = {
				ALWAYS_EMBED_SWIFT_STANDARD_LIBRARIES = YES;
				BUNDLE_LOADER = "$(TEST_HOST)";
				CODE_SIGN_STYLE = Automatic;
				DEVELOPMENT_TEAM = 647NLFT7J5;
				INFOPLIST_FILE = TestStudyTests/Info.plist;
				IPHONEOS_DEPLOYMENT_TARGET = 13.4;
				LD_RUNPATH_SEARCH_PATHS = (
					"$(inherited)",
					"@executable_path/Frameworks",
					"@loader_path/Frameworks",
				);
				PRODUCT_BUNDLE_IDENTIFIER = com.park.TestStudyTests;
				PRODUCT_NAME = "$(TARGET_NAME)";
				SWIFT_VERSION = 5.0;
				TARGETED_DEVICE_FAMILY = "1,2";
				TEST_HOST = "$(BUILT_PRODUCTS_DIR)/TestStudy.app/TestStudy";
			};
			name = Debug;
		};
		4EBABF7F25C83C7A002C2522 /* Release */ = {
			isa = XCBuildConfiguration;
			buildSettings = {
				ALWAYS_EMBED_SWIFT_STANDARD_LIBRARIES = YES;
				BUNDLE_LOADER = "$(TEST_HOST)";
				CODE_SIGN_STYLE = Automatic;
				DEVELOPMENT_TEAM = 647NLFT7J5;
				INFOPLIST_FILE = TestStudyTests/Info.plist;
				IPHONEOS_DEPLOYMENT_TARGET = 13.4;
				LD_RUNPATH_SEARCH_PATHS = (
					"$(inherited)",
					"@executable_path/Frameworks",
					"@loader_path/Frameworks",
				);
				PRODUCT_BUNDLE_IDENTIFIER = com.park.TestStudyTests;
				PRODUCT_NAME = "$(TARGET_NAME)";
				SWIFT_VERSION = 5.0;
				TARGETED_DEVICE_FAMILY = "1,2";
				TEST_HOST = "$(BUILT_PRODUCTS_DIR)/TestStudy.app/TestStudy";
			};
			name = Release;
		};
		4EBABF8125C83C7A002C2522 /* Debug */ = {
			isa = XCBuildConfiguration;
			buildSettings = {
				ALWAYS_EMBED_SWIFT_STANDARD_LIBRARIES = YES;
				CODE_SIGN_STYLE = Automatic;
				DEVELOPMENT_TEAM = 647NLFT7J5;
				INFOPLIST_FILE = TestStudyUITests/Info.plist;
				LD_RUNPATH_SEARCH_PATHS = (
					"$(inherited)",
					"@executable_path/Frameworks",
					"@loader_path/Frameworks",
				);
				PRODUCT_BUNDLE_IDENTIFIER = com.park.TestStudyUITests;
				PRODUCT_NAME = "$(TARGET_NAME)";
				SWIFT_VERSION = 5.0;
				TARGETED_DEVICE_FAMILY = "1,2";
				TEST_TARGET_NAME = TestStudy;
			};
			name = Debug;
		};
		4EBABF8225C83C7A002C2522 /* Release */ = {
			isa = XCBuildConfiguration;
			buildSettings = {
				ALWAYS_EMBED_SWIFT_STANDARD_LIBRARIES = YES;
				CODE_SIGN_STYLE = Automatic;
				DEVELOPMENT_TEAM = 647NLFT7J5;
				INFOPLIST_FILE = TestStudyUITests/Info.plist;
				LD_RUNPATH_SEARCH_PATHS = (
					"$(inherited)",
					"@executable_path/Frameworks",
					"@loader_path/Frameworks",
				);
				PRODUCT_BUNDLE_IDENTIFIER = com.park.TestStudyUITests;
				PRODUCT_NAME = "$(TARGET_NAME)";
				SWIFT_VERSION = 5.0;
				TARGETED_DEVICE_FAMILY = "1,2";
				TEST_TARGET_NAME = TestStudy;
			};
			name = Release;
		};
/* End XCBuildConfiguration section */

/* Begin XCConfigurationList section */
		4EBABF4B25C83C75002C2522 /* Build configuration list for PBXProject "TestStudy" */ = {
			isa = XCConfigurationList;
			buildConfigurations = (
				4EBABF7825C83C7A002C2522 /* Debug */,
				4EBABF7925C83C7A002C2522 /* Release */,
			);
			defaultConfigurationIsVisible = 0;
			defaultConfigurationName = Release;
		};
		4EBABF7A25C83C7A002C2522 /* Build configuration list for PBXNativeTarget "TestStudy" */ = {
			isa = XCConfigurationList;
			buildConfigurations = (
				4EBABF7B25C83C7A002C2522 /* Debug */,
				4EBABF7C25C83C7A002C2522 /* Release */,
			);
			defaultConfigurationIsVisible = 0;
			defaultConfigurationName = Release;
		};
		4EBABF7D25C83C7A002C2522 /* Build configuration list for PBXNativeTarget "TestStudyTests" */ = {
			isa = XCConfigurationList;
			buildConfigurations = (
				4EBABF7E25C83C7A002C2522 /* Debug */,
				4EBABF7F25C83C7A002C2522 /* Release */,
			);
			defaultConfigurationIsVisible = 0;
			defaultConfigurationName = Release;
		};
		4EBABF8025C83C7A002C2522 /* Build configuration list for PBXNativeTarget "TestStudyUITests" */ = {
			isa = XCConfigurationList;
			buildConfigurations = (
				4EBABF8125C83C7A002C2522 /* Debug */,
				4EBABF8225C83C7A002C2522 /* Release */,
			);
			defaultConfigurationIsVisible = 0;
			defaultConfigurationName = Release;
		};
/* End XCConfigurationList section */
	};
	rootObject = 4EBABF4825C83C75002C2522 /* Project object */;
}
